
Microsoft Visual Studio Solution File, Format Version 12.00
# Visual Studio Version 17
VisualStudioVersion = 17.10.35027.167
MinimumVisualStudioVersion = 10.0.40219.1
Project("{F14B399A-7131-4C87-9E4B-1186C45EF12D}") = "Report Project1", "Report Project1.rptproj", "{A957A38E-BDAF-4CF5-8A0B-52136375DA7E}"
EndProject
Global
	GlobalSection(SolutionConfigurationPlatforms) = preSolution
		Debug|Default = Debug|Default
		DebugLocal|Default = DebugLocal|Default
		Release|Default = Release|Default
	EndGlobalSection
	GlobalSection(ProjectConfigurationPlatforms) = postSolution
		{A957A38E-BDAF-4CF5-8A0B-52136375DA7E}.Debug|Default.ActiveCfg = Debug
		{A957A38E-BDAF-4CF5-8A0B-52136375DA7E}.Debug|Default.Build.0 = Debug
		{A957A38E-BDAF-4CF5-8A0B-52136375DA7E}.Debug|Default.Deploy.0 = Debug
		{A957A38E-BDAF-4CF5-8A0B-52136375DA7E}.DebugLocal|Default.ActiveCfg = DebugLocal
		{A957A38E-BDAF-4CF5-8A0B-52136375DA7E}.DebugLocal|Default.Build.0 = DebugLocal
		{A957A38E-BDAF-4CF5-8A0B-52136375DA7E}.Release|Default.ActiveCfg = Release
		{A957A38E-BDAF-4CF5-8A0B-52136375DA7E}.Release|Default.Build.0 = Release
		{A957A38E-BDAF-4CF5-8A0B-52136375DA7E}.Release|Default.Deploy.0 = Release
	EndGlobalSection
	GlobalSection(SolutionProperties) = preSolution
		HideSolutionNode = FALSE
	EndGlobalSection
	GlobalSection(ExtensibilityGlobals) = postSolution
		SolutionGuid = {0F2A880E-5775-41AB-914F-8B3F12102985}
	EndGlobalSection
EndGlobal
